# This file is automatically generated - do not edit it directly.
# Use https://weblate.rob006.net/projects/flarum/fof-spamblock/fa/ for translation.
# You can read more about the process at https://github.com/rob006-software/flarum-translations/wiki.

fof-spamblock:
  admin:
    permissions:
      spamblock_users_label: 'علامت گذاری کاربر به عنوان اسپمر'
  forum:
    user_controls:
      spammer_button: اسپمر
      spammer_confirmation: "آیا مطمئن هستید که می خواهید\n• مخفی کردن همه بحث ها و پست های کاربر\n• [flarum/suspend] کاربر را معلق کنید"
